{
    "name": "ui-controls",
    "lockfileVersion": 3,
    "requires": true,
    "packages": {
        "": {
            "devDependencies": {
                "@microbit-apps/ui-core": "github:microbit-apps/ui-core#v0.0.9",
                "prettier": "^3.8.3"
            }
        },
        "node_modules/@microbit-apps/ui-core": {
            "resolved": "git+ssh://git@github.com/microbit-apps/ui-core.git#0f47a728e33318fe02b8f70c79c8452310742d76",
            "dev": true,
            "bin": {
                "img-gen": "img-tools/bin/img-gen.mjs",
                "loc-gen": "loc-tools/bin/loc-gen.mjs",
                "loc-strings": "loc-tools/bin/loc-strings.mjs"
            }
        },
        "node_modules/prettier": {
            "version": "3.8.3",
            "resolved": "https://registry.npmjs.org/prettier/-/prettier-3.8.3.tgz",
            "integrity": "sha512-7igPTM53cGHMW8xWuVTydi2KO233VFiTNyF5hLJqpilHfmn8C8gPf+PS7dUT64YcXFbiMGZxS9pCSxL/Dxm/Jw==",
            "dev": true,
            "license": "MIT",
            "bin": {
                "prettier": "bin/prettier.cjs"
            },
            "engines": {
                "node": ">=14"
            },
            "funding": {
                "url": "https://github.com/prettier/prettier?sponsor=1"
            }
        }
    }
}
